
Microsoft Visual Studio Solution File, Format Version 10.00
# Visual Studio 2008
Project("{FAE04EC0-301F-11D3-BF4B-00C04F79EFBC}") = "Amazon.Powershell", "Amazon.Powershell\Amazon.Powershell.csproj", "{3BB58181-02C4-46E3-8DB2-DF435D24A5DA}"
EndProject
Global
	GlobalSection(SolutionConfigurationPlatforms) = preSolution
		Debug|Any CPU = Debug|Any CPU
		Release|Any CPU = Release|Any CPU
	EndGlobalSection
	GlobalSection(ProjectConfigurationPlatforms) = postSolution
		{3BB58181-02C4-46E3-8DB2-DF435D24A5DA}.Debug|Any CPU.ActiveCfg = Debug|Any CPU
		{3BB58181-02C4-46E3-8DB2-DF435D24A5DA}.Debug|Any CPU.Build.0 = Debug|Any CPU
		{3BB58181-02C4-46E3-8DB2-DF435D24A5DA}.Release|Any CPU.ActiveCfg = Release|Any CPU
		{3BB58181-02C4-46E3-8DB2-DF435D24A5DA}.Release|Any CPU.Build.0 = Release|Any CPU
	EndGlobalSection
	GlobalSection(SolutionProperties) = preSolution
		HideSolutionNode = FALSE
	EndGlobalSection
EndGlobal
